
Microsoft Visual Studio Solution File, Format Version 12.00
# Visual Studio Version 16
VisualStudioVersion = 16.0.30517.126
MinimumVisualStudioVersion = 10.0.40219.1
Project("{FAE04EC0-301F-11D3-BF4B-00C04F79EFBC}") = "Dad Jokes", "Dad Jokes.csproj", "{FFECD6B7-768E-4452-84FD-747CAF3141CE}"
EndProject
Global
	GlobalSection(SolutionConfigurationPlatforms) = preSolution
		Debug|Any CPU = Debug|Any CPU
		Release|Any CPU = Release|Any CPU
	EndGlobalSection
	GlobalSection(ProjectConfigurationPlatforms) = postSolution
		{FFECD6B7-768E-4452-84FD-747CAF3141CE}.Debug|Any CPU.ActiveCfg = Debug|Any CPU
		{FFECD6B7-768E-4452-84FD-747CAF3141CE}.Debug|Any CPU.Build.0 = Debug|Any CPU
		{FFECD6B7-768E-4452-84FD-747CAF3141CE}.Release|Any CPU.ActiveCfg = Release|Any CPU
		{FFECD6B7-768E-4452-84FD-747CAF3141CE}.Release|Any CPU.Build.0 = Release|Any CPU
	EndGlobalSection
	GlobalSection(SolutionProperties) = preSolution
		HideSolutionNode = FALSE
	EndGlobalSection
	GlobalSection(ExtensibilityGlobals) = postSolution
		SolutionGuid = {1F7773F4-A5BE-4F9B-8025-5FBBD8850687}
	EndGlobalSection
EndGlobal
